
Microsoft Visual Studio Solution File, Format Version 12.00
# Visual Studio 15
VisualStudioVersion = 15.0.28307.168
MinimumVisualStudioVersion = 10.0.40219.1
Project("{FAE04EC0-301F-11D3-BF4B-00C04F79EFBC}") = "LogAn", "LogAn\LogAn.csproj", "{07DA03F8-42D7-49D0-A636-89E26264CF1D}"
EndProject
Project("{FAE04EC0-301F-11D3-BF4B-00C04F79EFBC}") = "LogAn.UnitTests", "LogAn.UnitTests\LogAn.UnitTests.csproj", "{9FBCA9FF-9AB8-4CC6-BF7D-ECE4344697FE}"
EndProject
Global
	GlobalSection(SolutionConfigurationPlatforms) = preSolution
		Debug|Any CPU = Debug|Any CPU
		Release|Any CPU = Release|Any CPU
	EndGlobalSection
	GlobalSection(ProjectConfigurationPlatforms) = postSolution
		{07DA03F8-42D7-49D0-A636-89E26264CF1D}.Debug|Any CPU.ActiveCfg = Debug|Any CPU
		{07DA03F8-42D7-49D0-A636-89E26264CF1D}.Debug|Any CPU.Build.0 = Debug|Any CPU
		{07DA03F8-42D7-49D0-A636-89E26264CF1D}.Release|Any CPU.ActiveCfg = Release|Any CPU
		{07DA03F8-42D7-49D0-A636-89E26264CF1D}.Release|Any CPU.Build.0 = Release|Any CPU
		{9FBCA9FF-9AB8-4CC6-BF7D-ECE4344697FE}.Debug|Any CPU.ActiveCfg = Debug|Any CPU
		{9FBCA9FF-9AB8-4CC6-BF7D-ECE4344697FE}.Debug|Any CPU.Build.0 = Debug|Any CPU
		{9FBCA9FF-9AB8-4CC6-BF7D-ECE4344697FE}.Release|Any CPU.ActiveCfg = Release|Any CPU
		{9FBCA9FF-9AB8-4CC6-BF7D-ECE4344697FE}.Release|Any CPU.Build.0 = Release|Any CPU
	EndGlobalSection
	GlobalSection(SolutionProperties) = preSolution
		HideSolutionNode = FALSE
	EndGlobalSection
	GlobalSection(ExtensibilityGlobals) = postSolution
		SolutionGuid = {F25887DF-C56B-427A-8CE4-012FF0AA2F7B}
	EndGlobalSection
EndGlobal
